
Microsoft Visual Studio Solution File, Format Version 12.00
# Visual Studio 15
VisualStudioVersion = 15.0.28307.421
MinimumVisualStudioVersion = 10.0.40219.1
Project("{FAE04EC0-301F-11D3-BF4B-00C04F79EFBC}") = "TvMazeScraper.Api", "TvMazeScraper.Api\TvMazeScraper.Api.csproj", "{70425F1D-7B89-4C63-A317-67981238F87F}"
EndProject
Project("{FAE04EC0-301F-11D3-BF4B-00C04F79EFBC}") = "TvMazeScraper.Domain", "TvMazeScraper.Domain\TvMazeScraper.Domain.csproj", "{04B3AC63-2E0D-4DFF-8728-AFDCF72DF67F}"
EndProject
Project("{FAE04EC0-301F-11D3-BF4B-00C04F79EFBC}") = "TvMazeScraper.Infrastructure", "TvMazeScraper.Infrastructure\TvMazeScraper.Infrastructure.csproj", "{60B1FEE5-70BA-4FA1-B6A8-7F33D523E452}"
EndProject
Project("{FAE04EC0-301F-11D3-BF4B-00C04F79EFBC}") = "TvMazeScraper.Tests", "TvMazeScraper.Tests\TvMazeScraper.Tests.csproj", "{F4F783F4-88FC-4D56-9312-E8436A3344E7}"
EndProject
Project("{FAE04EC0-301F-11D3-BF4B-00C04F79EFBC}") = "TvMazeScraper.TvMazeClient", "TvMazeScraper.TvMazeClient\TvMazeScraper.TvMazeClient.csproj", "{AF9E319B-6E5F-4CEF-93FB-2D27F7293250}"
EndProject
Global
	GlobalSection(SolutionConfigurationPlatforms) = preSolution
		Debug|Any CPU = Debug|Any CPU
		Release|Any CPU = Release|Any CPU
	EndGlobalSection
	GlobalSection(ProjectConfigurationPlatforms) = postSolution
		{70425F1D-7B89-4C63-A317-67981238F87F}.Debug|Any CPU.ActiveCfg = Debug|Any CPU
		{70425F1D-7B89-4C63-A317-67981238F87F}.Debug|Any CPU.Build.0 = Debug|Any CPU
		{70425F1D-7B89-4C63-A317-67981238F87F}.Release|Any CPU.ActiveCfg = Release|Any CPU
		{70425F1D-7B89-4C63-A317-67981238F87F}.Release|Any CPU.Build.0 = Release|Any CPU
		{04B3AC63-2E0D-4DFF-8728-AFDCF72DF67F}.Debug|Any CPU.ActiveCfg = Debug|Any CPU
		{04B3AC63-2E0D-4DFF-8728-AFDCF72DF67F}.Debug|Any CPU.Build.0 = Debug|Any CPU
		{04B3AC63-2E0D-4DFF-8728-AFDCF72DF67F}.Release|Any CPU.ActiveCfg = Release|Any CPU
		{04B3AC63-2E0D-4DFF-8728-AFDCF72DF67F}.Release|Any CPU.Build.0 = Release|Any CPU
		{60B1FEE5-70BA-4FA1-B6A8-7F33D523E452}.Debug|Any CPU.ActiveCfg = Debug|Any CPU
		{60B1FEE5-70BA-4FA1-B6A8-7F33D523E452}.Debug|Any CPU.Build.0 = Debug|Any CPU
		{60B1FEE5-70BA-4FA1-B6A8-7F33D523E452}.Release|Any CPU.ActiveCfg = Release|Any CPU
		{60B1FEE5-70BA-4FA1-B6A8-7F33D523E452}.Release|Any CPU.Build.0 = Release|Any CPU
		{F4F783F4-88FC-4D56-9312-E8436A3344E7}.Debug|Any CPU.ActiveCfg = Debug|Any CPU
		{F4F783F4-88FC-4D56-9312-E8436A3344E7}.Debug|Any CPU.Build.0 = Debug|Any CPU
		{F4F783F4-88FC-4D56-9312-E8436A3344E7}.Release|Any CPU.ActiveCfg = Release|Any CPU
		{F4F783F4-88FC-4D56-9312-E8436A3344E7}.Release|Any CPU.Build.0 = Release|Any CPU
		{AF9E319B-6E5F-4CEF-93FB-2D27F7293250}.Debug|Any CPU.ActiveCfg = Debug|Any CPU
		{AF9E319B-6E5F-4CEF-93FB-2D27F7293250}.Debug|Any CPU.Build.0 = Debug|Any CPU
		{AF9E319B-6E5F-4CEF-93FB-2D27F7293250}.Release|Any CPU.ActiveCfg = Release|Any CPU
		{AF9E319B-6E5F-4CEF-93FB-2D27F7293250}.Release|Any CPU.Build.0 = Release|Any CPU
	EndGlobalSection
	GlobalSection(SolutionProperties) = preSolution
		HideSolutionNode = FALSE
	EndGlobalSection
	GlobalSection(ExtensibilityGlobals) = postSolution
		SolutionGuid = {4CA194E3-4B62-4F13-9142-0548FDC4170D}
	EndGlobalSection
EndGlobal
